
Microsoft Visual Studio Solution File, Format Version 12.00
# Visual Studio Version 17
VisualStudioVersion = 17.5.33530.505
MinimumVisualStudioVersion = 10.0.40219.1
Project("{FAE04EC0-301F-11D3-BF4B-00C04F79EFBC}") = "Craftimizer", "Craftimizer\Craftimizer.csproj", "{80C60B1F-5A36-4C9E-99AF-85C536803ED5}"
EndProject
Global
	GlobalSection(SolutionConfigurationPlatforms) = preSolution
		Debug|Any CPU = Debug|Any CPU
		Release|Any CPU = Release|Any CPU
	EndGlobalSection
	GlobalSection(ProjectConfigurationPlatforms) = postSolution
		{80C60B1F-5A36-4C9E-99AF-85C536803ED5}.Debug|Any CPU.ActiveCfg = Debug|Any CPU
		{80C60B1F-5A36-4C9E-99AF-85C536803ED5}.Debug|Any CPU.Build.0 = Debug|Any CPU
		{80C60B1F-5A36-4C9E-99AF-85C536803ED5}.Release|Any CPU.ActiveCfg = Release|Any CPU
		{80C60B1F-5A36-4C9E-99AF-85C536803ED5}.Release|Any CPU.Build.0 = Release|Any CPU
	EndGlobalSection
	GlobalSection(SolutionProperties) = preSolution
		HideSolutionNode = FALSE
	EndGlobalSection
	GlobalSection(ExtensibilityGlobals) = postSolution
		SolutionGuid = {264E77E3-4028-4EA7-A3E7-9B84BDFEA6B9}
	EndGlobalSection
EndGlobal
