
Microsoft Visual Studio Solution File, Format Version 12.00
# Visual Studio Version 17
VisualStudioVersion = 17.4.33213.308
MinimumVisualStudioVersion = 10.0.40219.1
Project("{9A19103F-16F7-4668-BE54-9A1E7A4F7556}") = "Craftimizer", "Craftimizer\Craftimizer.csproj", "{13C812E9-0D42-4B95-8646-40EEBF30636F}"
	ProjectSection(ProjectDependencies) = postProject
		{2B0EA452-6DFC-48DB-9049-EA782E600C21} = {2B0EA452-6DFC-48DB-9049-EA782E600C21}
	EndProjectSection
EndProject
Project("{9A19103F-16F7-4668-BE54-9A1E7A4F7556}") = "Craftimizer.Benchmark", "Benchmark\Craftimizer.Benchmark.csproj", "{057C4B64-4D99-4847-9BCF-966571CAE57C}"
EndProject
Project("{9A19103F-16F7-4668-BE54-9A1E7A4F7556}") = "Craftimizer.Simulator", "Simulator\Craftimizer.Simulator.csproj", "{172EE849-AC7E-4F2A-ACAB-EF9D065523B3}"
EndProject
Project("{9A19103F-16F7-4668-BE54-9A1E7A4F7556}") = "Craftimizer.Solver", "Solver\Craftimizer.Solver.csproj", "{2B0EA452-6DFC-48DB-9049-EA782E600C21}"
	ProjectSection(ProjectDependencies) = postProject
		{172EE849-AC7E-4F2A-ACAB-EF9D065523B3} = {172EE849-AC7E-4F2A-ACAB-EF9D065523B3}
	EndProjectSection
EndProject
Project("{9A19103F-16F7-4668-BE54-9A1E7A4F7556}") = "Craftimizer.Test", "Test\Craftimizer.Test.csproj", "{C3AEA981-9DA8-405C-995B-86528493891B}"
EndProject
Global
	GlobalSection(SolutionConfigurationPlatforms) = preSolution
		Debug|x64 = Debug|x64
		Deterministic|x64 = Deterministic|x64
		Release|x64 = Release|x64
	EndGlobalSection
	GlobalSection(ProjectConfigurationPlatforms) = postSolution
		{13C812E9-0D42-4B95-8646-40EEBF30636F}.Debug|x64.ActiveCfg = Debug|x64
		{13C812E9-0D42-4B95-8646-40EEBF30636F}.Debug|x64.Build.0 = Debug|x64
		{13C812E9-0D42-4B95-8646-40EEBF30636F}.Deterministic|x64.ActiveCfg = Release|x64
		{13C812E9-0D42-4B95-8646-40EEBF30636F}.Release|x64.ActiveCfg = Release|x64
		{13C812E9-0D42-4B95-8646-40EEBF30636F}.Release|x64.Build.0 = Release|x64
		{057C4B64-4D99-4847-9BCF-966571CAE57C}.Debug|x64.ActiveCfg = Debug|x64
		{057C4B64-4D99-4847-9BCF-966571CAE57C}.Debug|x64.Build.0 = Debug|x64
		{057C4B64-4D99-4847-9BCF-966571CAE57C}.Deterministic|x64.ActiveCfg = Deterministic|x64
		{057C4B64-4D99-4847-9BCF-966571CAE57C}.Deterministic|x64.Build.0 = Deterministic|x64
		{057C4B64-4D99-4847-9BCF-966571CAE57C}.Release|x64.ActiveCfg = Release|x64
		{057C4B64-4D99-4847-9BCF-966571CAE57C}.Release|x64.Build.0 = Release|x64
		{172EE849-AC7E-4F2A-ACAB-EF9D065523B3}.Debug|x64.ActiveCfg = Debug|x64
		{172EE849-AC7E-4F2A-ACAB-EF9D065523B3}.Debug|x64.Build.0 = Debug|x64
		{172EE849-AC7E-4F2A-ACAB-EF9D065523B3}.Deterministic|x64.ActiveCfg = Deterministic|x64
		{172EE849-AC7E-4F2A-ACAB-EF9D065523B3}.Deterministic|x64.Build.0 = Deterministic|x64
		{172EE849-AC7E-4F2A-ACAB-EF9D065523B3}.Release|x64.ActiveCfg = Release|x64
		{172EE849-AC7E-4F2A-ACAB-EF9D065523B3}.Release|x64.Build.0 = Release|x64
		{2B0EA452-6DFC-48DB-9049-EA782E600C21}.Debug|x64.ActiveCfg = Debug|x64
		{2B0EA452-6DFC-48DB-9049-EA782E600C21}.Debug|x64.Build.0 = Debug|x64
		{2B0EA452-6DFC-48DB-9049-EA782E600C21}.Deterministic|x64.ActiveCfg = Deterministic|x64
		{2B0EA452-6DFC-48DB-9049-EA782E600C21}.Deterministic|x64.Build.0 = Deterministic|x64
		{2B0EA452-6DFC-48DB-9049-EA782E600C21}.Release|x64.ActiveCfg = Release|x64
		{2B0EA452-6DFC-48DB-9049-EA782E600C21}.Release|x64.Build.0 = Release|x64
		{C3AEA981-9DA8-405C-995B-86528493891B}.Debug|x64.ActiveCfg = Debug|x64
		{C3AEA981-9DA8-405C-995B-86528493891B}.Debug|x64.Build.0 = Debug|x64
		{C3AEA981-9DA8-405C-995B-86528493891B}.Deterministic|x64.ActiveCfg = Deterministic|x64
		{C3AEA981-9DA8-405C-995B-86528493891B}.Release|x64.ActiveCfg = Release|x64
		{C3AEA981-9DA8-405C-995B-86528493891B}.Release|x64.Build.0 = Release|x64
	EndGlobalSection
	GlobalSection(SolutionProperties) = preSolution
		HideSolutionNode = FALSE
	EndGlobalSection
	GlobalSection(ExtensibilityGlobals) = postSolution
		SolutionGuid = {B17E85B1-5F60-4440-9F9A-3DDE877E8CDF}
	EndGlobalSection
EndGlobal
