{
  "version": 1,
  "dependencies": {
    "net10.0-windows7.0": {
      "DalamudPackager": {
        "type": "Direct",
        "requested": "[15.0.0, )",
        "resolved": "15.0.0",
        "contentHash": "411vwC8/X8Z/sQ2TI6v3SvOn66xFPeOjFn3Zn+h0d3Ox2t1kFm66AhDvmx/qcMwVrR+Hidxj0dadpQ2dgyXMBQ=="
      },
      "DotNet.ReproducibleBuilds": {
        "type": "Direct",
        "requested": "[1.2.39, )",
        "resolved": "1.2.39",
        "contentHash": "fcFN01tDTIQqDuTwr1jUQK/geofiwjG5DycJQOnC72i1SsLAk1ELe+apBOuZ11UMQG8YKFZG1FgvjZPbqHyatg=="
      },
      "MathNet.Numerics": {
        "type": "Direct",
        "requested": "[5.0.0, )",
        "resolved": "5.0.0",
        "contentHash": "pg1W2VwaEQMAiTpGK840hZgzavnqjlCMTVSbtVCXVyT+7AX4mc1o89SPv4TBlAjhgCOo9c1Y+jZ5m3ti2YgGgA=="
      },
      "Meziantou.Analyzer": {
        "type": "Direct",
        "requested": "[3.0.61, )",
        "resolved": "3.0.61",
        "contentHash": "Ed/5bKmY38QbQJgL9wmWnweX4mq3WaNYNq8kp4Hk/WPIFuLuK/P/dEB/ZnenQius+NNDXxTIiCXFPmQdLrHWMg=="
      },
      "DotNext": {
        "type": "Transitive",
        "resolved": "6.1.0",
        "contentHash": "oUvq/a1Fydh1dC2QtGp+opiG9XjzJNRctigtC60+PlKiqdVr3TOgkBIYy/U/Q3PfzmLudpsI2i1OdVSho9wbSQ==",
        "dependencies": {
          "System.IO.Hashing": "10.0.3"
        }
      },
      "Raphael.Net": {
        "type": "Transitive",
        "resolved": "5.0.0",
        "contentHash": "NSD9eUqKXLMKAjgMK6Ou0UxndYdmKV2S3Q52ndjxUIoO44OYwuQ72HOVqZUyTOxgBJfLPoPjGX2UyW71msM1uw=="
      },
      "System.IO.Hashing": {
        "type": "Transitive",
        "resolved": "10.0.3",
        "contentHash": "La6ICwsdTKhVX+LKN+pvFjQRR3LhLwq3uKdi2knjLzRyPYBSydF4cjXidYxIiTcDD6XVYdsBWQEI8ZxiZ/OdIg=="
      },
      "craftimizer.simulator": {
        "type": "Project"
      },
      "craftimizer.solver": {
        "type": "Project",
        "dependencies": {
          "Craftimizer.Simulator": "[1.0.0, )",
          "DotNext": "[6.1.0, )",
          "Raphael.Net": "[5.0.0, )"
        }
      }
    },
    "net10.0-windows7.0/win-x64": {
      "Raphael.Net": {
        "type": "Transitive",
        "resolved": "5.0.0",
        "contentHash": "NSD9eUqKXLMKAjgMK6Ou0UxndYdmKV2S3Q52ndjxUIoO44OYwuQ72HOVqZUyTOxgBJfLPoPjGX2UyW71msM1uw=="
      }
    }
  }
}