{
  "version": 1,
  "dependencies": {
    "net7.0-windows7.0": {
      "DalamudPackager": {
        "type": "Direct",
        "requested": "[2.1.11, )",
        "resolved": "2.1.11",
        "contentHash": "9qlAWoRRTiL/geAvuwR/g6Bcbrd/bJJgVnB/RurBiyKs6srsP0bvpoo8IK+Eg8EA6jWeM6/YJWs66w4FIAzqPw=="
      },
      "Meziantou.Analyzer": {
        "type": "Direct",
        "requested": "[2.0.61, )",
        "resolved": "2.0.61",
        "contentHash": "DhiEScqTxQb8R7s9EWMjs5F5EA7AD+JO5upb88QqPwPQUsAOm2gN5AjeQon3XLrquw1G5r+C9Yxct+rFxwuMZg=="
      },
      "craftimizer.simulator": {
        "type": "Project"
      }
    }
  }
}