{
  "version": 1,
  "dependencies": {
    "net10.0-windows7.0": {
      "DalamudPackager": {
        "type": "Direct",
        "requested": "[14.0.1, )",
        "resolved": "14.0.1",
        "contentHash": "y0WWyUE6dhpGdolK3iKgwys05/nZaVf4ZPtIjpLhJBZvHxkkiE23zYRo7K7uqAgoK/QvK5cqF6l3VG5AbgC6KA=="
      },
      "DotNet.ReproducibleBuilds": {
        "type": "Direct",
        "requested": "[1.2.39, )",
        "resolved": "1.2.39",
        "contentHash": "fcFN01tDTIQqDuTwr1jUQK/geofiwjG5DycJQOnC72i1SsLAk1ELe+apBOuZ11UMQG8YKFZG1FgvjZPbqHyatg=="
      },
      "MathNet.Numerics": {
        "type": "Direct",
        "requested": "[5.0.0, )",
        "resolved": "5.0.0",
        "contentHash": "pg1W2VwaEQMAiTpGK840hZgzavnqjlCMTVSbtVCXVyT+7AX4mc1o89SPv4TBlAjhgCOo9c1Y+jZ5m3ti2YgGgA=="
      },
      "Meziantou.Analyzer": {
        "type": "Direct",
        "requested": "[2.0.264, )",
        "resolved": "2.0.264",
        "contentHash": "zRG13RDG446rZNdd/YjKRd4utpbjleRDUqNQSrX0etMnH8Rz9NBlXUpS5aR2ExoOokhNfkdOW8HpLzjLj5x0hQ=="
      },
      "DotNext": {
        "type": "Transitive",
        "resolved": "5.26.1",
        "contentHash": "rcy6Yrpb64B7qYm/+D+4sfBUzwX/IOGeJBYReDL8/TAIp8aZrZPtXx8nwkYjWCuakYn2tBppwefIM6pd/cOnMw==",
        "dependencies": {
          "System.IO.Hashing": "8.0.0"
        }
      },
      "System.IO.Hashing": {
        "type": "Transitive",
        "resolved": "8.0.0",
        "contentHash": "ne1843evDugl0md7Fjzy6QjJrzsjh46ZKbhf8GwBXb5f/gw97J4bxMs0NQKifDuThh/f0bZ0e62NPl1jzTuRqA=="
      },
      "craftimizer.simulator": {
        "type": "Project"
      },
      "craftimizer.solver": {
        "type": "Project",
        "dependencies": {
          "Craftimizer.Simulator": "[1.0.0, )",
          "DotNext": "[5.26.1, )",
          "Raphael.Net": "[4.1.0, )"
        }
      }
    },
    "net10.0-windows7.0/win-x64": {}
  }
}